{
	"name": "@alt1/imagedata-loader",
	"version": "0.0.16",
	"lockfileVersion": 1,
	"requires": true,
	"dependencies": {
		"@alt1/base": {
			"version": "0.0.10",
			"resolved": "https://registry.npmjs.org/@alt1/base/-/base-0.0.10.tgz",
			"integrity": "sha512-v7+xjyPEl2bMpVxvKXqG81I3TBfoIUbjFgFj1m4JGSkRJDF6PDEpOce3BLD78QIZyeecaWL+FoKaoWdJUP/01w=="
		}
	}
}
