{
	"name": "@alt1/ocr",
	"version": "0.0.9",
	"lockfileVersion": 1,
	"requires": true,
	"dependencies": {
		"@alt1/base": {
			"version": "0.0.9",
			"resolved": "https://registry.npmjs.org/@alt1/base/-/base-0.0.9.tgz",
			"integrity": "sha512-l4TXWUDR+94CHWbcOG2602MtitG4uHqx1BcXQkBCXbM6oARbaxlOniNH/6sUoEXnB+ZKTTgJL0wCDfRmD/sg6A=="
		}
	}
}
