{
	"name": "@alt1/dialog",
	"version": "0.0.6",
	"lockfileVersion": 1,
	"requires": true,
	"dependencies": {
		"@alt1/base": {
			"version": "0.0.6",
			"resolved": "https://registry.npmjs.org/@alt1/base/-/base-0.0.6.tgz",
			"integrity": "sha512-F2NmEVCVOGX6e2lPxJ6Iqmp2bMYTeQnC2SB0urRY6zjaak0c1kaXf7r+i9ZTVf4o2wEiy/+5UWh8xmOIms0QZg=="
		},
		"@alt1/ocr": {
			"version": "0.0.6",
			"resolved": "https://registry.npmjs.org/@alt1/ocr/-/ocr-0.0.6.tgz",
			"integrity": "sha512-uZx2mE8R1jX/DzWEsspCh+/hb/MJ1pwVxoTBi5Cm4HWGGjq2pg+pzabPfWUuMPIJLTEduK2gwGZzSYHV7bgX7g==",
			"requires": {
				"@alt1/base": "^0.0.6"
			}
		}
	}
}
