{
	"name": "@alt1/datapng-loader",
	"version": "0.0.5",
	"lockfileVersion": 1,
	"requires": true,
	"dependencies": {
		"@alt1/base": {
			"version": "0.0.5",
			"resolved": "https://registry.npmjs.org/@alt1/base/-/base-0.0.5.tgz",
			"integrity": "sha512-4gAXgJrYc6/evR15k9tvOnzUb3dCV8+cTPrlbEE4676rt8lvfk+sKaIWMq2PvU+jE4XAm7N3aRycvbRJWNBstQ==",
			"requires": {
				"node-fetch": "^2.5.0",
				"pngjs": "^3.4.0"
			}
		},
		"node-fetch": {
			"version": "2.6.0",
			"resolved": "https://registry.npmjs.org/node-fetch/-/node-fetch-2.6.0.tgz",
			"integrity": "sha512-8dG4H5ujfvFiqDmVu9fQ5bOHUC15JMjMY/Zumv26oOvvVJjM67KF8koCWIabKQ1GJIa9r2mMZscBq/TbdOcmNA==",
			"optional": true
		},
		"pngjs": {
			"version": "3.4.0",
			"resolved": "https://registry.npmjs.org/pngjs/-/pngjs-3.4.0.tgz",
			"integrity": "sha512-NCrCHhWmnQklfH4MtJMRjZ2a8c80qXeMlQMv2uVp9ISJMTt562SbGd6n2oq0PaPgKm7Z6pL9E2UlLIhC+SHL3w==",
			"optional": true
		}
	}
}
