{
	"name": "@alt1/imagedata-loader",
	"version": "0.0.1",
	"lockfileVersion": 1,
	"requires": true,
	"dependencies": {
		"@alt1/base": {
			"version": "0.0.1",
			"resolved": "https://registry.npmjs.org/@alt1/base/-/base-0.0.1.tgz",
			"integrity": "sha512-N7c09nkUoBdPU4eREA7oCJKAwgHxlhUOTZ5yQBgX41l4EutGXOq24TYqKPlkBV+daeRLnj8xn8UkLo3Ir9q5xQ=="
		}
	}
}
